
Microsoft Visual Studio Solution File, Format Version 12.00
# Visual Studio 15
VisualStudioVersion = 15.0.27130.2036
MinimumVisualStudioVersion = 10.0.40219.1
Project("{8BC9CEB8-8B4A-11D0-8D11-00A0C91BC942}") = "1.7MatrixZero", "1.7MatrixZero\1.7MatrixZero.vcxproj", "{095C58B6-8803-4822-A429-E386427EFC1F}"
EndProject
Global
	GlobalSection(SolutionConfigurationPlatforms) = preSolution
		Debug|x64 = Debug|x64
		Debug|x86 = Debug|x86
		Release|x64 = Release|x64
		Release|x86 = Release|x86
	EndGlobalSection
	GlobalSection(ProjectConfigurationPlatforms) = postSolution
		{095C58B6-8803-4822-A429-E386427EFC1F}.Debug|x64.ActiveCfg = Debug|x64
		{095C58B6-8803-4822-A429-E386427EFC1F}.Debug|x64.Build.0 = Debug|x64
		{095C58B6-8803-4822-A429-E386427EFC1F}.Debug|x86.ActiveCfg = Debug|Win32
		{095C58B6-8803-4822-A429-E386427EFC1F}.Debug|x86.Build.0 = Debug|Win32
		{095C58B6-8803-4822-A429-E386427EFC1F}.Release|x64.ActiveCfg = Release|x64
		{095C58B6-8803-4822-A429-E386427EFC1F}.Release|x64.Build.0 = Release|x64
		{095C58B6-8803-4822-A429-E386427EFC1F}.Release|x86.ActiveCfg = Release|Win32
		{095C58B6-8803-4822-A429-E386427EFC1F}.Release|x86.Build.0 = Release|Win32
	EndGlobalSection
	GlobalSection(SolutionProperties) = preSolution
		HideSolutionNode = FALSE
	EndGlobalSection
	GlobalSection(ExtensibilityGlobals) = postSolution
		SolutionGuid = {445888CF-C3FF-4D4D-AF95-3E579EC2C5FF}
	EndGlobalSection
EndGlobal
